
Microsoft Visual Studio Solution File, Format Version 12.00
# Visual Studio Version 17
VisualStudioVersion = 17.7.34202.233
MinimumVisualStudioVersion = 10.0.40219.1
Project("{8BC9CEB8-8B4A-11D0-8D11-00A0C91BC942}") = "콘솔게임", "콘솔게임.vcxproj", "{89704A60-1F56-4FD6-9131-9B669A7AA050}"
EndProject
Global
	GlobalSection(SolutionConfigurationPlatforms) = preSolution
		Debug|x64 = Debug|x64
		Debug|x86 = Debug|x86
		Release|x64 = Release|x64
		Release|x86 = Release|x86
	EndGlobalSection
	GlobalSection(ProjectConfigurationPlatforms) = postSolution
		{89704A60-1F56-4FD6-9131-9B669A7AA050}.Debug|x64.ActiveCfg = Debug|x64
		{89704A60-1F56-4FD6-9131-9B669A7AA050}.Debug|x64.Build.0 = Debug|x64
		{89704A60-1F56-4FD6-9131-9B669A7AA050}.Debug|x86.ActiveCfg = Debug|Win32
		{89704A60-1F56-4FD6-9131-9B669A7AA050}.Debug|x86.Build.0 = Debug|Win32
		{89704A60-1F56-4FD6-9131-9B669A7AA050}.Release|x64.ActiveCfg = Release|x64
		{89704A60-1F56-4FD6-9131-9B669A7AA050}.Release|x64.Build.0 = Release|x64
		{89704A60-1F56-4FD6-9131-9B669A7AA050}.Release|x86.ActiveCfg = Release|Win32
		{89704A60-1F56-4FD6-9131-9B669A7AA050}.Release|x86.Build.0 = Release|Win32
	EndGlobalSection
	GlobalSection(SolutionProperties) = preSolution
		HideSolutionNode = FALSE
	EndGlobalSection
	GlobalSection(ExtensibilityGlobals) = postSolution
		SolutionGuid = {39980255-2736-4164-9FC9-3D39512CE76B}
	EndGlobalSection
EndGlobal
